{
  "name": "@brightcove/flashls",
  "version": "1.0.0",
  "lockfileVersion": 1,
  "requires": true,
  "dependencies": {
    "flex-sdk": {
      "version": "4.6.0-0",
      "resolved": "https://registry.npmjs.org/flex-sdk/-/flex-sdk-4.6.0-0.tgz",
      "integrity": "sha1-ZTbD/TZqUgJns2+uIfUO42Mcgtw=",
      "dev": true,
      "requires": {
        "mkdirp": "0.3.5"
      }
    },
    "mkdirp": {
      "version": "0.3.5",
      "resolved": "https://registry.npmjs.org/mkdirp/-/mkdirp-0.3.5.tgz",
      "integrity": "sha1-3j5fiWHIjHh+4TaN+EmsRBPsqNc=",
      "dev": true
    }
  }
}
